// !$*UTF8*$!
{
	archiveVersion = 1;
	classes = {
	};
	objectVersion = 50;
	objects = {

/* Begin PBXBuildFile section */
		B8297DE324F1961000470A5B /* Combine.swift in Sources */ = {isa = PBXBuildFile; fileRef = B8297DE224F1961000470A5B /* Combine.swift */; };
		B829817124D6FA3B002E4961 /* AppDelegate.swift in Sources */ = {isa = PBXBuildFile; fileRef = B829817024D6FA3B002E4961 /* AppDelegate.swift */; };
		B829817324D6FA3B002E4961 /* SceneDelegate.swift in Sources */ = {isa = PBXBuildFile; fileRef = B829817224D6FA3B002E4961 /* SceneDelegate.swift */; };
		B829817524D6FA3B002E4961 /* MainViewController.swift in Sources */ = {isa = PBXBuildFile; fileRef = B829817424D6FA3B002E4961 /* MainViewController.swift */; };
		B829817824D6FA3B002E4961 /* Main.storyboard in Resources */ = {isa = PBXBuildFile; fileRef = B829817624D6FA3B002E4961 /* Main.storyboard */; };
		B829817A24D6FA40002E4961 /* Assets.xcassets in Resources */ = {isa = PBXBuildFile; fileRef = B829817924D6FA40002E4961 /* Assets.xcassets */; };
		B829817D24D6FA40002E4961 /* LaunchScreen.storyboard in Resources */ = {isa = PBXBuildFile; fileRef = B829817B24D6FA40002E4961 /* LaunchScreen.storyboard */; };
		B83FBA1D2504FA0F00F38A31 /* DataTask.swift in Sources */ = {isa = PBXBuildFile; fileRef = B83FBA1C2504FA0F00F38A31 /* DataTask.swift */; };
		B83FBA1F2504FA7500F38A31 /* NetworkHelpers.swift in Sources */ = {isa = PBXBuildFile; fileRef = B83FBA1E2504FA7500F38A31 /* NetworkHelpers.swift */; };
		B83FBA212504FB0300F38A31 /* NetworkDisptacher.swift in Sources */ = {isa = PBXBuildFile; fileRef = B83FBA202504FB0300F38A31 /* NetworkDisptacher.swift */; };
		B83FBA232504FB7C00F38A31 /* NetworkResponse.swift in Sources */ = {isa = PBXBuildFile; fileRef = B83FBA222504FB7C00F38A31 /* NetworkResponse.swift */; };
		B83FBA25250502D200F38A31 /* MainViewIntent.swift in Sources */ = {isa = PBXBuildFile; fileRef = B83FBA24250502D200F38A31 /* MainViewIntent.swift */; };
		B83FBA272505036400F38A31 /* MainViewEvent.swift in Sources */ = {isa = PBXBuildFile; fileRef = B83FBA262505036400F38A31 /* MainViewEvent.swift */; };
		B83FBA292505036C00F38A31 /* MainViewState.swift in Sources */ = {isa = PBXBuildFile; fileRef = B83FBA282505036C00F38A31 /* MainViewState.swift */; };
		B864ABDA25207E890026191D /* LocationService.swift in Sources */ = {isa = PBXBuildFile; fileRef = B864ABD925207E890026191D /* LocationService.swift */; };
		B864ABDC25207EA50026191D /* MockableIOLocationService.swift in Sources */ = {isa = PBXBuildFile; fileRef = B864ABDB25207EA50026191D /* MockableIOLocationService.swift */; };
		B864ABDE25207F1D0026191D /* LocationDataTask.swift in Sources */ = {isa = PBXBuildFile; fileRef = B864ABDD25207F1D0026191D /* LocationDataTask.swift */; };
		B864ABE025207FFD0026191D /* NetworkEndPoints.swift in Sources */ = {isa = PBXBuildFile; fileRef = B864ABDF25207FFD0026191D /* NetworkEndPoints.swift */; };
		B864ABE3252085690026191D /* LocationUIModel.swift in Sources */ = {isa = PBXBuildFile; fileRef = B864ABE2252085690026191D /* LocationUIModel.swift */; };
		B864ABE62520B1B20026191D /* DiffableDataSource.swift in Sources */ = {isa = PBXBuildFile; fileRef = B864ABE52520B1B20026191D /* DiffableDataSource.swift */; };
/* End PBXBuildFile section */

/* Begin PBXFileReference section */
		B8297DE224F1961000470A5B /* Combine.swift */ = {isa = PBXFileReference; lastKnownFileType = sourcecode.swift; path = Combine.swift; sourceTree = "<group>"; };
		B829816D24D6FA3B002E4961 /* MVI.app */ = {isa = PBXFileReference; explicitFileType = wrapper.application; includeInIndex = 0; path = MVI.app; sourceTree = BUILT_PRODUCTS_DIR; };
		B829817024D6FA3B002E4961 /* AppDelegate.swift */ = {isa = PBXFileReference; lastKnownFileType = sourcecode.swift; path = AppDelegate.swift; sourceTree = "<group>"; };
		B829817224D6FA3B002E4961 /* SceneDelegate.swift */ = {isa = PBXFileReference; lastKnownFileType = sourcecode.swift; path = SceneDelegate.swift; sourceTree = "<group>"; };
		B829817424D6FA3B002E4961 /* MainViewController.swift */ = {isa = PBXFileReference; lastKnownFileType = sourcecode.swift; path = MainViewController.swift; sourceTree = "<group>"; };
		B829817724D6FA3B002E4961 /* Base */ = {isa = PBXFileReference; lastKnownFileType = file.storyboard; name = Base; path = Base.lproj/Main.storyboard; sourceTree = "<group>"; };
		B829817924D6FA40002E4961 /* Assets.xcassets */ = {isa = PBXFileReference; lastKnownFileType = folder.assetcatalog; path = Assets.xcassets; sourceTree = "<group>"; };
		B829817C24D6FA40002E4961 /* Base */ = {isa = PBXFileReference; lastKnownFileType = file.storyboard; name = Base; path = Base.lproj/LaunchScreen.storyboard; sourceTree = "<group>"; };
		B829817E24D6FA40002E4961 /* Info.plist */ = {isa = PBXFileReference; lastKnownFileType = text.plist.xml; path = Info.plist; sourceTree = "<group>"; };
		B83FBA1C2504FA0F00F38A31 /* DataTask.swift */ = {isa = PBXFileReference; lastKnownFileType = sourcecode.swift; path = DataTask.swift; sourceTree = "<group>"; };
		B83FBA1E2504FA7500F38A31 /* NetworkHelpers.swift */ = {isa = PBXFileReference; lastKnownFileType = sourcecode.swift; path = NetworkHelpers.swift; sourceTree = "<group>"; };
		B83FBA202504FB0300F38A31 /* NetworkDisptacher.swift */ = {isa = PBXFileReference; lastKnownFileType = sourcecode.swift; path = NetworkDisptacher.swift; sourceTree = "<group>"; };
		B83FBA222504FB7C00F38A31 /* NetworkResponse.swift */ = {isa = PBXFileReference; lastKnownFileType = sourcecode.swift; path = NetworkResponse.swift; sourceTree = "<group>"; };
		B83FBA24250502D200F38A31 /* MainViewIntent.swift */ = {isa = PBXFileReference; lastKnownFileType = sourcecode.swift; path = MainViewIntent.swift; sourceTree = "<group>"; };
		B83FBA262505036400F38A31 /* MainViewEvent.swift */ = {isa = PBXFileReference; lastKnownFileType = sourcecode.swift; path = MainViewEvent.swift; sourceTree = "<group>"; };
		B83FBA282505036C00F38A31 /* MainViewState.swift */ = {isa = PBXFileReference; lastKnownFileType = sourcecode.swift; path = MainViewState.swift; sourceTree = "<group>"; };
		B864ABD925207E890026191D /* LocationService.swift */ = {isa = PBXFileReference; lastKnownFileType = sourcecode.swift; path = LocationService.swift; sourceTree = "<group>"; };
		B864ABDB25207EA50026191D /* MockableIOLocationService.swift */ = {isa = PBXFileReference; lastKnownFileType = sourcecode.swift; path = MockableIOLocationService.swift; sourceTree = "<group>"; };
		B864ABDD25207F1D0026191D /* LocationDataTask.swift */ = {isa = PBXFileReference; lastKnownFileType = sourcecode.swift; path = LocationDataTask.swift; sourceTree = "<group>"; };
		B864ABDF25207FFD0026191D /* NetworkEndPoints.swift */ = {isa = PBXFileReference; lastKnownFileType = sourcecode.swift; path = NetworkEndPoints.swift; sourceTree = "<group>"; };
		B864ABE2252085690026191D /* LocationUIModel.swift */ = {isa = PBXFileReference; lastKnownFileType = sourcecode.swift; path = LocationUIModel.swift; sourceTree = "<group>"; };
		B864ABE52520B1B20026191D /* DiffableDataSource.swift */ = {isa = PBXFileReference; lastKnownFileType = sourcecode.swift; path = DiffableDataSource.swift; sourceTree = "<group>"; };
/* End PBXFileReference section */

/* Begin PBXFrameworksBuildPhase section */
		B829816A24D6FA3B002E4961 /* Frameworks */ = {
			isa = PBXFrameworksBuildPhase;
			buildActionMask = 2147483647;
			files = (
			);
			runOnlyForDeploymentPostprocessing = 0;
		};
/* End PBXFrameworksBuildPhase section */

/* Begin PBXGroup section */
		B8297DE424F26CA300470A5B /* ApplicationDelegates */ = {
			isa = PBXGroup;
			children = (
				B829817024D6FA3B002E4961 /* AppDelegate.swift */,
				B829817224D6FA3B002E4961 /* SceneDelegate.swift */,
			);
			path = ApplicationDelegates;
			sourceTree = "<group>";
		};
		B8297DE524F26CBF00470A5B /* ViewControllers */ = {
			isa = PBXGroup;
			children = (
				B864ABE52520B1B20026191D /* DiffableDataSource.swift */,
				B829817424D6FA3B002E4961 /* MainViewController.swift */,
			);
			path = ViewControllers;
			sourceTree = "<group>";
		};
		B8297DE624F26CCB00470A5B /* Intents */ = {
			isa = PBXGroup;
			children = (
				B83FBA24250502D200F38A31 /* MainViewIntent.swift */,
				B83FBA262505036400F38A31 /* MainViewEvent.swift */,
				B83FBA282505036C00F38A31 /* MainViewState.swift */,
			);
			path = Intents;
			sourceTree = "<group>";
		};
		B8297DE724F26CD600470A5B /* Services */ = {
			isa = PBXGroup;
			children = (
				B864ABD925207E890026191D /* LocationService.swift */,
				B864ABDB25207EA50026191D /* MockableIOLocationService.swift */,
				B864ABDD25207F1D0026191D /* LocationDataTask.swift */,
			);
			path = Services;
			sourceTree = "<group>";
		};
		B829816424D6FA3B002E4961 = {
			isa = PBXGroup;
			children = (
				B829816F24D6FA3B002E4961 /* MVI */,
				B829816E24D6FA3B002E4961 /* Products */,
			);
			sourceTree = "<group>";
		};
		B829816E24D6FA3B002E4961 /* Products */ = {
			isa = PBXGroup;
			children = (
				B829816D24D6FA3B002E4961 /* MVI.app */,
			);
			name = Products;
			sourceTree = "<group>";
		};
		B829816F24D6FA3B002E4961 /* MVI */ = {
			isa = PBXGroup;
			children = (
				B8297DE424F26CA300470A5B /* ApplicationDelegates */,
				B864ABE42520A55F0026191D /* Views */,
				B8297DE524F26CBF00470A5B /* ViewControllers */,
				B8297DE624F26CCB00470A5B /* Intents */,
				B8297DE724F26CD600470A5B /* Services */,
				B83FBA1B2504F9FB00F38A31 /* Networking */,
				B864ABE1252085270026191D /* Models */,
				B829817624D6FA3B002E4961 /* Main.storyboard */,
				B829817924D6FA40002E4961 /* Assets.xcassets */,
				B829817B24D6FA40002E4961 /* LaunchScreen.storyboard */,
				B829817E24D6FA40002E4961 /* Info.plist */,
				B8297DE224F1961000470A5B /* Combine.swift */,
			);
			path = MVI;
			sourceTree = "<group>";
		};
		B83FBA1B2504F9FB00F38A31 /* Networking */ = {
			isa = PBXGroup;
			children = (
				B83FBA1C2504FA0F00F38A31 /* DataTask.swift */,
				B83FBA1E2504FA7500F38A31 /* NetworkHelpers.swift */,
				B83FBA202504FB0300F38A31 /* NetworkDisptacher.swift */,
				B83FBA222504FB7C00F38A31 /* NetworkResponse.swift */,
				B864ABDF25207FFD0026191D /* NetworkEndPoints.swift */,
			);
			path = Networking;
			sourceTree = "<group>";
		};
		B864ABE1252085270026191D /* Models */ = {
			isa = PBXGroup;
			children = (
				B864ABE2252085690026191D /* LocationUIModel.swift */,
			);
			path = Models;
			sourceTree = "<group>";
		};
		B864ABE42520A55F0026191D /* Views */ = {
			isa = PBXGroup;
			children = (
			);
			path = Views;
			sourceTree = "<group>";
		};
/* End PBXGroup section */

/* Begin PBXNativeTarget section */
		B829816C24D6FA3B002E4961 /* MVI */ = {
			isa = PBXNativeTarget;
			buildConfigurationList = B829818124D6FA40002E4961 /* Build configuration list for PBXNativeTarget "MVI" */;
			buildPhases = (
				B829816924D6FA3B002E4961 /* Sources */,
				B829816A24D6FA3B002E4961 /* Frameworks */,
				B829816B24D6FA3B002E4961 /* Resources */,
			);
			buildRules = (
			);
			dependencies = (
			);
			name = MVI;
			productName = MVI;
			productReference = B829816D24D6FA3B002E4961 /* MVI.app */;
			productType = "com.apple.product-type.application";
		};
/* End PBXNativeTarget section */

/* Begin PBXProject section */
		B829816524D6FA3B002E4961 /* Project object */ = {
			isa = PBXProject;
			attributes = {
				LastSwiftUpdateCheck = 1150;
				LastUpgradeCheck = 1150;
				ORGANIZATIONNAME = "Sima Vlad Grigore";
				TargetAttributes = {
					B829816C24D6FA3B002E4961 = {
						CreatedOnToolsVersion = 11.5;
					};
				};
			};
			buildConfigurationList = B829816824D6FA3B002E4961 /* Build configuration list for PBXProject "MVI" */;
			compatibilityVersion = "Xcode 9.3";
			developmentRegion = en;
			hasScannedForEncodings = 0;
			knownRegions = (
				en,
				Base,
			);
			mainGroup = B829816424D6FA3B002E4961;
			productRefGroup = B829816E24D6FA3B002E4961 /* Products */;
			projectDirPath = "";
			projectRoot = "";
			targets = (
				B829816C24D6FA3B002E4961 /* MVI */,
			);
		};
/* End PBXProject section */

/* Begin PBXResourcesBuildPhase section */
		B829816B24D6FA3B002E4961 /* Resources */ = {
			isa = PBXResourcesBuildPhase;
			buildActionMask = 2147483647;
			files = (
				B829817D24D6FA40002E4961 /* LaunchScreen.storyboard in Resources */,
				B829817A24D6FA40002E4961 /* Assets.xcassets in Resources */,
				B829817824D6FA3B002E4961 /* Main.storyboard in Resources */,
			);
			runOnlyForDeploymentPostprocessing = 0;
		};
/* End PBXResourcesBuildPhase section */

/* Begin PBXSourcesBuildPhase section */
		B829816924D6FA3B002E4961 /* Sources */ = {
			isa = PBXSourcesBuildPhase;
			buildActionMask = 2147483647;
			files = (
				B83FBA1F2504FA7500F38A31 /* NetworkHelpers.swift in Sources */,
				B83FBA232504FB7C00F38A31 /* NetworkResponse.swift in Sources */,
				B829817524D6FA3B002E4961 /* MainViewController.swift in Sources */,
				B864ABE62520B1B20026191D /* DiffableDataSource.swift in Sources */,
				B83FBA292505036C00F38A31 /* MainViewState.swift in Sources */,
				B83FBA1D2504FA0F00F38A31 /* DataTask.swift in Sources */,
				B8297DE324F1961000470A5B /* Combine.swift in Sources */,
				B83FBA25250502D200F38A31 /* MainViewIntent.swift in Sources */,
				B829817124D6FA3B002E4961 /* AppDelegate.swift in Sources */,
				B864ABE3252085690026191D /* LocationUIModel.swift in Sources */,
				B83FBA212504FB0300F38A31 /* NetworkDisptacher.swift in Sources */,
				B864ABDE25207F1D0026191D /* LocationDataTask.swift in Sources */,
				B864ABDC25207EA50026191D /* MockableIOLocationService.swift in Sources */,
				B83FBA272505036400F38A31 /* MainViewEvent.swift in Sources */,
				B864ABE025207FFD0026191D /* NetworkEndPoints.swift in Sources */,
				B864ABDA25207E890026191D /* LocationService.swift in Sources */,
				B829817324D6FA3B002E4961 /* SceneDelegate.swift in Sources */,
			);
			runOnlyForDeploymentPostprocessing = 0;
		};
/* End PBXSourcesBuildPhase section */

/* Begin PBXVariantGroup section */
		B829817624D6FA3B002E4961 /* Main.storyboard */ = {
			isa = PBXVariantGroup;
			children = (
				B829817724D6FA3B002E4961 /* Base */,
			);
			name = Main.storyboard;
			sourceTree = "<group>";
		};
		B829817B24D6FA40002E4961 /* LaunchScreen.storyboard */ = {
			isa = PBXVariantGroup;
			children = (
				B829817C24D6FA40002E4961 /* Base */,
			);
			name = LaunchScreen.storyboard;
			sourceTree = "<group>";
		};
/* End PBXVariantGroup section */

/* Begin XCBuildConfiguration section */
		B829817F24D6FA40002E4961 /* Debug */ = {
			isa = XCBuildConfiguration;
			buildSettings = {
				ALWAYS_SEARCH_USER_PATHS = NO;
				CLANG_ANALYZER_NONNULL = YES;
				CLANG_ANALYZER_NUMBER_OBJECT_CONVERSION = YES_AGGRESSIVE;
				CLANG_CXX_LANGUAGE_STANDARD = "gnu++14";
				CLANG_CXX_LIBRARY = "libc++";
				CLANG_ENABLE_MODULES = YES;
				CLANG_ENABLE_OBJC_ARC = YES;
				CLANG_ENABLE_OBJC_WEAK = YES;
				CLANG_WARN_BLOCK_CAPTURE_AUTORELEASING = YES;
				CLANG_WARN_BOOL_CONVERSION = YES;
				CLANG_WARN_COMMA = YES;
				CLANG_WARN_CONSTANT_CONVERSION = YES;
				CLANG_WARN_DEPRECATED_OBJC_IMPLEMENTATIONS = YES;
				CLANG_WARN_DIRECT_OBJC_ISA_USAGE = YES_ERROR;
				CLANG_WARN_DOCUMENTATION_COMMENTS = YES;
				CLANG_WARN_EMPTY_BODY = YES;
				CLANG_WARN_ENUM_CONVERSION = YES;
				CLANG_WARN_INFINITE_RECURSION = YES;
				CLANG_WARN_INT_CONVERSION = YES;
				CLANG_WARN_NON_LITERAL_NULL_CONVERSION = YES;
				CLANG_WARN_OBJC_IMPLICIT_RETAIN_SELF = YES;
				CLANG_WARN_OBJC_LITERAL_CONVERSION = YES;
				CLANG_WARN_OBJC_ROOT_CLASS = YES_ERROR;
				CLANG_WARN_RANGE_LOOP_ANALYSIS = YES;
				CLANG_WARN_STRICT_PROTOTYPES = YES;
				CLANG_WARN_SUSPICIOUS_MOVE = YES;
				CLANG_WARN_UNGUARDED_AVAILABILITY = YES_AGGRESSIVE;
				CLANG_WARN_UNREACHABLE_CODE = YES;
				CLANG_WARN__DUPLICATE_METHOD_MATCH = YES;
				COPY_PHASE_STRIP = NO;
				DEBUG_INFORMATION_FORMAT = dwarf;
				ENABLE_STRICT_OBJC_MSGSEND = YES;
				ENABLE_TESTABILITY = YES;
				GCC_C_LANGUAGE_STANDARD = gnu11;
				GCC_DYNAMIC_NO_PIC = NO;
				GCC_NO_COMMON_BLOCKS = YES;
				GCC_OPTIMIZATION_LEVEL = 0;
				GCC_PREPROCESSOR_DEFINITIONS = (
					"DEBUG=1",
					"$(inherited)",
				);
				GCC_WARN_64_TO_32_BIT_CONVERSION = YES;
				GCC_WARN_ABOUT_RETURN_TYPE = YES_ERROR;
				GCC_WARN_UNDECLARED_SELECTOR = YES;
				GCC_WARN_UNINITIALIZED_AUTOS = YES_AGGRESSIVE;
				GCC_WARN_UNUSED_FUNCTION = YES;
				GCC_WARN_UNUSED_VARIABLE = YES;
				IPHONEOS_DEPLOYMENT_TARGET = 13.5;
				MTL_ENABLE_DEBUG_INFO = INCLUDE_SOURCE;
				MTL_FAST_MATH = YES;
				ONLY_ACTIVE_ARCH = YES;
				SDKROOT = iphoneos;
				SWIFT_ACTIVE_COMPILATION_CONDITIONS = DEBUG;
				SWIFT_OPTIMIZATION_LEVEL = "-Onone";
			};
			name = Debug;
		};
		B829818024D6FA40002E4961 /* Release */ = {
			isa = XCBuildConfiguration;
			buildSettings = {
				ALWAYS_SEARCH_USER_PATHS = NO;
				CLANG_ANALYZER_NONNULL = YES;
				CLANG_ANALYZER_NUMBER_OBJECT_CONVERSION = YES_AGGRESSIVE;
				CLANG_CXX_LANGUAGE_STANDARD = "gnu++14";
				CLANG_CXX_LIBRARY = "libc++";
				CLANG_ENABLE_MODULES = YES;
				CLANG_ENABLE_OBJC_ARC = YES;
				CLANG_ENABLE_OBJC_WEAK = YES;
				CLANG_WARN_BLOCK_CAPTURE_AUTORELEASING = YES;
				CLANG_WARN_BOOL_CONVERSION = YES;
				CLANG_WARN_COMMA = YES;
				CLANG_WARN_CONSTANT_CONVERSION = YES;
				CLANG_WARN_DEPRECATED_OBJC_IMPLEMENTATIONS = YES;
				CLANG_WARN_DIRECT_OBJC_ISA_USAGE = YES_ERROR;
				CLANG_WARN_DOCUMENTATION_COMMENTS = YES;
				CLANG_WARN_EMPTY_BODY = YES;
				CLANG_WARN_ENUM_CONVERSION = YES;
				CLANG_WARN_INFINITE_RECURSION = YES;
				CLANG_WARN_INT_CONVERSION = YES;
				CLANG_WARN_NON_LITERAL_NULL_CONVERSION = YES;
				CLANG_WARN_OBJC_IMPLICIT_RETAIN_SELF = YES;
				CLANG_WARN_OBJC_LITERAL_CONVERSION = YES;
				CLANG_WARN_OBJC_ROOT_CLASS = YES_ERROR;
				CLANG_WARN_RANGE_LOOP_ANALYSIS = YES;
				CLANG_WARN_STRICT_PROTOTYPES = YES;
				CLANG_WARN_SUSPICIOUS_MOVE = YES;
				CLANG_WARN_UNGUARDED_AVAILABILITY = YES_AGGRESSIVE;
				CLANG_WARN_UNREACHABLE_CODE = YES;
				CLANG_WARN__DUPLICATE_METHOD_MATCH = YES;
				COPY_PHASE_STRIP = NO;
				DEBUG_INFORMATION_FORMAT = "dwarf-with-dsym";
				ENABLE_NS_ASSERTIONS = NO;
				ENABLE_STRICT_OBJC_MSGSEND = YES;
				GCC_C_LANGUAGE_STANDARD = gnu11;
				GCC_NO_COMMON_BLOCKS = YES;
				GCC_WARN_64_TO_32_BIT_CONVERSION = YES;
				GCC_WARN_ABOUT_RETURN_TYPE = YES_ERROR;
				GCC_WARN_UNDECLARED_SELECTOR = YES;
				GCC_WARN_UNINITIALIZED_AUTOS = YES_AGGRESSIVE;
				GCC_WARN_UNUSED_FUNCTION = YES;
				GCC_WARN_UNUSED_VARIABLE = YES;
				IPHONEOS_DEPLOYMENT_TARGET = 13.5;
				MTL_ENABLE_DEBUG_INFO = NO;
				MTL_FAST_MATH = YES;
				SDKROOT = iphoneos;
				SWIFT_COMPILATION_MODE = wholemodule;
				SWIFT_OPTIMIZATION_LEVEL = "-O";
				VALIDATE_PRODUCT = YES;
			};
			name = Release;
		};
		B829818224D6FA40002E4961 /* Debug */ = {
			isa = XCBuildConfiguration;
			buildSettings = {
				ASSETCATALOG_COMPILER_APPICON_NAME = AppIcon;
				CODE_SIGN_STYLE = Automatic;
				DEVELOPMENT_TEAM = 7N9KT9TATH;
				INFOPLIST_FILE = MVI/Info.plist;
				LD_RUNPATH_SEARCH_PATHS = (
					"$(inherited)",
					"@executable_path/Frameworks",
				);
				PRODUCT_BUNDLE_IDENTIFIER = simavlad.MVI;
				PRODUCT_NAME = "$(TARGET_NAME)";
				SWIFT_VERSION = 5.0;
				TARGETED_DEVICE_FAMILY = "1,2";
			};
			name = Debug;
		};
		B829818324D6FA40002E4961 /* Release */ = {
			isa = XCBuildConfiguration;
			buildSettings = {
				ASSETCATALOG_COMPILER_APPICON_NAME = AppIcon;
				CODE_SIGN_STYLE = Automatic;
				DEVELOPMENT_TEAM = 7N9KT9TATH;
				INFOPLIST_FILE = MVI/Info.plist;
				LD_RUNPATH_SEARCH_PATHS = (
					"$(inherited)",
					"@executable_path/Frameworks",
				);
				PRODUCT_BUNDLE_IDENTIFIER = simavlad.MVI;
				PRODUCT_NAME = "$(TARGET_NAME)";
				SWIFT_VERSION = 5.0;
				TARGETED_DEVICE_FAMILY = "1,2";
			};
			name = Release;
		};
/* End XCBuildConfiguration section */

/* Begin XCConfigurationList section */
		B829816824D6FA3B002E4961 /* Build configuration list for PBXProject "MVI" */ = {
			isa = XCConfigurationList;
			buildConfigurations = (
				B829817F24D6FA40002E4961 /* Debug */,
				B829818024D6FA40002E4961 /* Release */,
			);
			defaultConfigurationIsVisible = 0;
			defaultConfigurationName = Release;
		};
		B829818124D6FA40002E4961 /* Build configuration list for PBXNativeTarget "MVI" */ = {
			isa = XCConfigurationList;
			buildConfigurations = (
				B829818224D6FA40002E4961 /* Debug */,
				B829818324D6FA40002E4961 /* Release */,
			);
			defaultConfigurationIsVisible = 0;
			defaultConfigurationName = Release;
		};
/* End XCConfigurationList section */
	};
	rootObject = B829816524D6FA3B002E4961 /* Project object */;
}
